
Microsoft Visual Studio Solution File, Format Version 12.00
# Visual Studio Version 17
VisualStudioVersion = 17.5.002.0
MinimumVisualStudioVersion = 10.0.40219.1
Project("{2150E333-8FDC-42A3-9474-1A3956D46DE8}") = "TodoList", "TodoList", "{28CB2212-610B-4E55-8A91-4E41A6419DF8}"
EndProject
Project("{9A19103F-16F7-4668-BE54-9A1E7A4F7556}") = "TodoList", "TodoList\TodoList\TodoList.csproj", "{49CAC025-4C26-4E1C-9DE9-A937D4A417BC}"
EndProject
Global
	GlobalSection(SolutionConfigurationPlatforms) = preSolution
		Debug|Any CPU = Debug|Any CPU
		Release|Any CPU = Release|Any CPU
	EndGlobalSection
	GlobalSection(ProjectConfigurationPlatforms) = postSolution
		{49CAC025-4C26-4E1C-9DE9-A937D4A417BC}.Debug|Any CPU.ActiveCfg = Debug|Any CPU
		{49CAC025-4C26-4E1C-9DE9-A937D4A417BC}.Debug|Any CPU.Build.0 = Debug|Any CPU
		{49CAC025-4C26-4E1C-9DE9-A937D4A417BC}.Release|Any CPU.ActiveCfg = Release|Any CPU
		{49CAC025-4C26-4E1C-9DE9-A937D4A417BC}.Release|Any CPU.Build.0 = Release|Any CPU
	EndGlobalSection
	GlobalSection(SolutionProperties) = preSolution
		HideSolutionNode = FALSE
	EndGlobalSection
	GlobalSection(NestedProjects) = preSolution
		{49CAC025-4C26-4E1C-9DE9-A937D4A417BC} = {28CB2212-610B-4E55-8A91-4E41A6419DF8}
	EndGlobalSection
	GlobalSection(ExtensibilityGlobals) = postSolution
		SolutionGuid = {1A904036-DCCE-4339-B2D0-73904D710505}
	EndGlobalSection
EndGlobal
